// !$*UTF8*$!
{
	archiveVersion = 1;
	classes = {
	};
	objectVersion = 50;
	objects = {

/* Begin PBXBuildFile section */
		0C0803BB2441321900071D47 /* GalleryCollectionView.swift in Sources */ = {isa = PBXBuildFile; fileRef = 0C0803BA2441321900071D47 /* GalleryCollectionView.swift */; };
		0C1E78E32438FD380086B2C9 /* NewsFeedLayoutCalculator.swift in Sources */ = {isa = PBXBuildFile; fileRef = 0C1E78E22438FD380086B2C9 /* NewsFeedLayoutCalculator.swift */; };
		0C2C28E42448DA1600977944 /* InsetableTextField.swift in Sources */ = {isa = PBXBuildFile; fileRef = 0C2C28E32448DA1600977944 /* InsetableTextField.swift */; };
		0C2C28E62448EE1A00977944 /* UserResponse.swift in Sources */ = {isa = PBXBuildFile; fileRef = 0C2C28E52448EE1A00977944 /* UserResponse.swift */; };
		0C5A43FD243382F700FF9556 /* VKSdkFramework.framework in Frameworks */ = {isa = PBXBuildFile; fileRef = F075CD2F221DD90A001CA654 /* VKSdkFramework.framework */; };
		0C5A43FE243382F700FF9556 /* VKSdkFramework.framework in Embed Frameworks */ = {isa = PBXBuildFile; fileRef = F075CD2F221DD90A001CA654 /* VKSdkFramework.framework */; settings = {ATTRIBUTES = (CodeSignOnCopy, RemoveHeadersOnCopy, ); }; };
		0C5A44022433881100FF9556 /* NetworkService.swift in Sources */ = {isa = PBXBuildFile; fileRef = 0C5A44012433881100FF9556 /* NetworkService.swift */; };
		0C5A44042433889C00FF9556 /* API.swift in Sources */ = {isa = PBXBuildFile; fileRef = 0C5A44032433889C00FF9556 /* API.swift */; };
		0C7285E824339AB0003D12F6 /* FeedResponse.swift in Sources */ = {isa = PBXBuildFile; fileRef = 0C7285E724339AB0003D12F6 /* FeedResponse.swift */; };
		0C7285EA24339E22003D12F6 /* NetworkDataFetcher.swift in Sources */ = {isa = PBXBuildFile; fileRef = 0C7285E924339E22003D12F6 /* NetworkDataFetcher.swift */; };
		0C7594E6244132F3005A556F /* GalleryCollectionViewCell.swift in Sources */ = {isa = PBXBuildFile; fileRef = 0C7594E5244132F3005A556F /* GalleryCollectionViewCell.swift */; };
		0C843AE32434AFFF00A87EC2 /* NewsFeedPresenter.swift in Sources */ = {isa = PBXBuildFile; fileRef = 0C843ADC2434AFFF00A87EC2 /* NewsFeedPresenter.swift */; };
		0C843AE42434AFFF00A87EC2 /* NewsFeedWorker.swift in Sources */ = {isa = PBXBuildFile; fileRef = 0C843ADD2434AFFF00A87EC2 /* NewsFeedWorker.swift */; };
		0C843AE52434AFFF00A87EC2 /* NewsFeedRouter.swift in Sources */ = {isa = PBXBuildFile; fileRef = 0C843ADE2434AFFF00A87EC2 /* NewsFeedRouter.swift */; };
		0C843AE62434AFFF00A87EC2 /* NewsFeedModels.swift in Sources */ = {isa = PBXBuildFile; fileRef = 0C843ADF2434AFFF00A87EC2 /* NewsFeedModels.swift */; };
		0C843AE72434AFFF00A87EC2 /* NewsFeedViewController.swift in Sources */ = {isa = PBXBuildFile; fileRef = 0C843AE02434AFFF00A87EC2 /* NewsFeedViewController.swift */; };
		0C843AE82434AFFF00A87EC2 /* NewsFeedInteractor.swift in Sources */ = {isa = PBXBuildFile; fileRef = 0C843AE12434AFFF00A87EC2 /* NewsFeedInteractor.swift */; };
		0C843AEB2434C6D000A87EC2 /* NewsFeedViewController.storyboard in Resources */ = {isa = PBXBuildFile; fileRef = 0C843AEA2434C6D000A87EC2 /* NewsFeedViewController.storyboard */; };
		0C843AEE2434CD9800A87EC2 /* NewsFeedCell.swift in Sources */ = {isa = PBXBuildFile; fileRef = 0C843AED2434CD9800A87EC2 /* NewsFeedCell.swift */; };
		0C843AF02434CDCE00A87EC2 /* NewsFeedCell.xib in Resources */ = {isa = PBXBuildFile; fileRef = 0C843AEF2434CDCE00A87EC2 /* NewsFeedCell.xib */; };
		0C843AF22436064600A87EC2 /* WebImageView.swift in Sources */ = {isa = PBXBuildFile; fileRef = 0C843AF12436064600A87EC2 /* WebImageView.swift */; };
		0CA15CA6244792860014CF9E /* RowLayout.swift in Sources */ = {isa = PBXBuildFile; fileRef = 0CA15CA5244792860014CF9E /* RowLayout.swift */; };
		0CA61CEB2448D95300FB25B8 /* TitleView.swift in Sources */ = {isa = PBXBuildFile; fileRef = 0CA61CEA2448D95300FB25B8 /* TitleView.swift */; };
		0CB6936D243A824F00589D72 /* NewsFeedCodeCell.swift in Sources */ = {isa = PBXBuildFile; fileRef = 0CB6936C243A824F00589D72 /* NewsFeedCodeCell.swift */; };
		0CC9B82C243B65E300BE4CA7 /* Constants.swift in Sources */ = {isa = PBXBuildFile; fileRef = 0CC9B82B243B65E300BE4CA7 /* Constants.swift */; };
		0CD94DF82439154F00293A00 /* String + Height.swift in Sources */ = {isa = PBXBuildFile; fileRef = 0CD94DF72439154F00293A00 /* String + Height.swift */; };
		F075CD1D221DBC2A001CA654 /* AppDelegate.swift in Sources */ = {isa = PBXBuildFile; fileRef = F075CD1C221DBC2A001CA654 /* AppDelegate.swift */; };
		F075CD24221DBC2B001CA654 /* Assets.xcassets in Resources */ = {isa = PBXBuildFile; fileRef = F075CD23221DBC2B001CA654 /* Assets.xcassets */; };
		F075CD27221DBC2B001CA654 /* LaunchScreen.storyboard in Resources */ = {isa = PBXBuildFile; fileRef = F075CD25221DBC2B001CA654 /* LaunchScreen.storyboard */; };
		F075CD9B22207644001CA654 /* AuthService.swift in Sources */ = {isa = PBXBuildFile; fileRef = F075CD9A22207644001CA654 /* AuthService.swift */; };
		F075CD9E222086EC001CA654 /* AuthViewController.swift in Sources */ = {isa = PBXBuildFile; fileRef = F075CD9D222086EC001CA654 /* AuthViewController.swift */; };
		F075CDA022208713001CA654 /* AuthViewController.storyboard in Resources */ = {isa = PBXBuildFile; fileRef = F075CD9F22208713001CA654 /* AuthViewController.storyboard */; };
		F075CDA822218C8E001CA654 /* UIViewController + Storyboard.swift in Sources */ = {isa = PBXBuildFile; fileRef = F075CDA722218C8E001CA654 /* UIViewController + Storyboard.swift */; };
/* End PBXBuildFile section */

/* Begin PBXCopyFilesBuildPhase section */
		0C5A43FF243382F700FF9556 /* Embed Frameworks */ = {
			isa = PBXCopyFilesBuildPhase;
			buildActionMask = 2147483647;
			dstPath = "";
			dstSubfolderSpec = 10;
			files = (
				0C5A43FE243382F700FF9556 /* VKSdkFramework.framework in Embed Frameworks */,
			);
			name = "Embed Frameworks";
			runOnlyForDeploymentPostprocessing = 0;
		};
/* End PBXCopyFilesBuildPhase section */

/* Begin PBXFileReference section */
		0C0803BA2441321900071D47 /* GalleryCollectionView.swift */ = {isa = PBXFileReference; lastKnownFileType = sourcecode.swift; path = GalleryCollectionView.swift; sourceTree = "<group>"; };
		0C1E78E22438FD380086B2C9 /* NewsFeedLayoutCalculator.swift */ = {isa = PBXFileReference; lastKnownFileType = sourcecode.swift; path = NewsFeedLayoutCalculator.swift; sourceTree = "<group>"; };
		0C2C28E32448DA1600977944 /* InsetableTextField.swift */ = {isa = PBXFileReference; lastKnownFileType = sourcecode.swift; path = InsetableTextField.swift; sourceTree = "<group>"; };
		0C2C28E52448EE1A00977944 /* UserResponse.swift */ = {isa = PBXFileReference; lastKnownFileType = sourcecode.swift; path = UserResponse.swift; sourceTree = "<group>"; };
		0C5A44012433881100FF9556 /* NetworkService.swift */ = {isa = PBXFileReference; lastKnownFileType = sourcecode.swift; path = NetworkService.swift; sourceTree = "<group>"; };
		0C5A44032433889C00FF9556 /* API.swift */ = {isa = PBXFileReference; lastKnownFileType = sourcecode.swift; path = API.swift; sourceTree = "<group>"; };
		0C7285E724339AB0003D12F6 /* FeedResponse.swift */ = {isa = PBXFileReference; lastKnownFileType = sourcecode.swift; path = FeedResponse.swift; sourceTree = "<group>"; };
		0C7285E924339E22003D12F6 /* NetworkDataFetcher.swift */ = {isa = PBXFileReference; lastKnownFileType = sourcecode.swift; path = NetworkDataFetcher.swift; sourceTree = "<group>"; };
		0C7594E5244132F3005A556F /* GalleryCollectionViewCell.swift */ = {isa = PBXFileReference; lastKnownFileType = sourcecode.swift; path = GalleryCollectionViewCell.swift; sourceTree = "<group>"; };
		0C843ADC2434AFFF00A87EC2 /* NewsFeedPresenter.swift */ = {isa = PBXFileReference; lastKnownFileType = sourcecode.swift; path = NewsFeedPresenter.swift; sourceTree = "<group>"; };
		0C843ADD2434AFFF00A87EC2 /* NewsFeedWorker.swift */ = {isa = PBXFileReference; lastKnownFileType = sourcecode.swift; path = NewsFeedWorker.swift; sourceTree = "<group>"; };
		0C843ADE2434AFFF00A87EC2 /* NewsFeedRouter.swift */ = {isa = PBXFileReference; lastKnownFileType = sourcecode.swift; path = NewsFeedRouter.swift; sourceTree = "<group>"; };
		0C843ADF2434AFFF00A87EC2 /* NewsFeedModels.swift */ = {isa = PBXFileReference; lastKnownFileType = sourcecode.swift; path = NewsFeedModels.swift; sourceTree = "<group>"; };
		0C843AE02434AFFF00A87EC2 /* NewsFeedViewController.swift */ = {isa = PBXFileReference; lastKnownFileType = sourcecode.swift; path = NewsFeedViewController.swift; sourceTree = "<group>"; };
		0C843AE12434AFFF00A87EC2 /* NewsFeedInteractor.swift */ = {isa = PBXFileReference; lastKnownFileType = sourcecode.swift; path = NewsFeedInteractor.swift; sourceTree = "<group>"; };
		0C843AEA2434C6D000A87EC2 /* NewsFeedViewController.storyboard */ = {isa = PBXFileReference; lastKnownFileType = file.storyboard; path = NewsFeedViewController.storyboard; sourceTree = "<group>"; };
		0C843AED2434CD9800A87EC2 /* NewsFeedCell.swift */ = {isa = PBXFileReference; lastKnownFileType = sourcecode.swift; path = NewsFeedCell.swift; sourceTree = "<group>"; };
		0C843AEF2434CDCE00A87EC2 /* NewsFeedCell.xib */ = {isa = PBXFileReference; lastKnownFileType = file.xib; path = NewsFeedCell.xib; sourceTree = "<group>"; };
		0C843AF12436064600A87EC2 /* WebImageView.swift */ = {isa = PBXFileReference; lastKnownFileType = sourcecode.swift; path = WebImageView.swift; sourceTree = "<group>"; };
		0CA15CA5244792860014CF9E /* RowLayout.swift */ = {isa = PBXFileReference; lastKnownFileType = sourcecode.swift; path = RowLayout.swift; sourceTree = "<group>"; };
		0CA61CEA2448D95300FB25B8 /* TitleView.swift */ = {isa = PBXFileReference; lastKnownFileType = sourcecode.swift; path = TitleView.swift; sourceTree = "<group>"; };
		0CB6936C243A824F00589D72 /* NewsFeedCodeCell.swift */ = {isa = PBXFileReference; lastKnownFileType = sourcecode.swift; path = NewsFeedCodeCell.swift; sourceTree = "<group>"; };
		0CC9B82B243B65E300BE4CA7 /* Constants.swift */ = {isa = PBXFileReference; lastKnownFileType = sourcecode.swift; path = Constants.swift; sourceTree = "<group>"; };
		0CD94DF72439154F00293A00 /* String + Height.swift */ = {isa = PBXFileReference; lastKnownFileType = sourcecode.swift; path = "String + Height.swift"; sourceTree = "<group>"; };
		F075CD19221DBC2A001CA654 /* VKNewsFeed.app */ = {isa = PBXFileReference; explicitFileType = wrapper.application; includeInIndex = 0; path = VKNewsFeed.app; sourceTree = BUILT_PRODUCTS_DIR; };
		F075CD1C221DBC2A001CA654 /* AppDelegate.swift */ = {isa = PBXFileReference; lastKnownFileType = sourcecode.swift; path = AppDelegate.swift; sourceTree = "<group>"; };
		F075CD23221DBC2B001CA654 /* Assets.xcassets */ = {isa = PBXFileReference; lastKnownFileType = folder.assetcatalog; path = Assets.xcassets; sourceTree = "<group>"; };
		F075CD26221DBC2B001CA654 /* Base */ = {isa = PBXFileReference; lastKnownFileType = file.storyboard; name = Base; path = Base.lproj/LaunchScreen.storyboard; sourceTree = "<group>"; };
		F075CD28221DBC2B001CA654 /* Info.plist */ = {isa = PBXFileReference; lastKnownFileType = text.plist.xml; path = Info.plist; sourceTree = "<group>"; };
		F075CD2F221DD90A001CA654 /* VKSdkFramework.framework */ = {isa = PBXFileReference; lastKnownFileType = wrapper.framework; name = VKSdkFramework.framework; path = Carthage/Build/iOS/VKSdkFramework.framework; sourceTree = "<group>"; };
		F075CD9A22207644001CA654 /* AuthService.swift */ = {isa = PBXFileReference; lastKnownFileType = sourcecode.swift; path = AuthService.swift; sourceTree = "<group>"; };
		F075CD9D222086EC001CA654 /* AuthViewController.swift */ = {isa = PBXFileReference; lastKnownFileType = sourcecode.swift; path = AuthViewController.swift; sourceTree = "<group>"; };
		F075CD9F22208713001CA654 /* AuthViewController.storyboard */ = {isa = PBXFileReference; lastKnownFileType = file.storyboard; path = AuthViewController.storyboard; sourceTree = "<group>"; };
		F075CDA722218C8E001CA654 /* UIViewController + Storyboard.swift */ = {isa = PBXFileReference; lastKnownFileType = sourcecode.swift; path = "UIViewController + Storyboard.swift"; sourceTree = "<group>"; };
/* End PBXFileReference section */

/* Begin PBXFrameworksBuildPhase section */
		F075CD16221DBC2A001CA654 /* Frameworks */ = {
			isa = PBXFrameworksBuildPhase;
			buildActionMask = 2147483647;
			files = (
				0C5A43FD243382F700FF9556 /* VKSdkFramework.framework in Frameworks */,
			);
			runOnlyForDeploymentPostprocessing = 0;
		};
/* End PBXFrameworksBuildPhase section */

/* Begin PBXGroup section */
		0C0803B9244131F200071D47 /* Gallery view */ = {
			isa = PBXGroup;
			children = (
				0CA15CA5244792860014CF9E /* RowLayout.swift */,
				0C0803BA2441321900071D47 /* GalleryCollectionView.swift */,
				0C7594E5244132F3005A556F /* GalleryCollectionViewCell.swift */,
			);
			path = "Gallery view";
			sourceTree = "<group>";
		};
		0C49D43E243CBD23000E23B2 /* Networking */ = {
			isa = PBXGroup;
			children = (
				0C7285E924339E22003D12F6 /* NetworkDataFetcher.swift */,
				0C5A44012433881100FF9556 /* NetworkService.swift */,
			);
			path = Networking;
			sourceTree = "<group>";
		};
		0C49D43F243CBD3C000E23B2 /* AuthVK */ = {
			isa = PBXGroup;
			children = (
				F075CD9A22207644001CA654 /* AuthService.swift */,
			);
			path = AuthVK;
			sourceTree = "<group>";
		};
		0C49D440243CBD46000E23B2 /* Constants + API */ = {
			isa = PBXGroup;
			children = (
				0CC9B82B243B65E300BE4CA7 /* Constants.swift */,
				0C5A44032433889C00FF9556 /* API.swift */,
			);
			path = "Constants + API";
			sourceTree = "<group>";
		};
		0C7285E624339A99003D12F6 /* Models */ = {
			isa = PBXGroup;
			children = (
				0C7285E724339AB0003D12F6 /* FeedResponse.swift */,
				0C2C28E52448EE1A00977944 /* UserResponse.swift */,
			);
			path = Models;
			sourceTree = "<group>";
		};
		0C843ADB2434AFD500A87EC2 /* NewsFeed */ = {
			isa = PBXGroup;
			children = (
				0C843AEA2434C6D000A87EC2 /* NewsFeedViewController.storyboard */,
				0CA61CE92448D92F00FB25B8 /* Title view */,
				0C0803B9244131F200071D47 /* Gallery view */,
				0C843AEC2434CD7200A87EC2 /* Cell */,
				0C843AE02434AFFF00A87EC2 /* NewsFeedViewController.swift */,
				0C843AE12434AFFF00A87EC2 /* NewsFeedInteractor.swift */,
				0C843ADC2434AFFF00A87EC2 /* NewsFeedPresenter.swift */,
				0C843ADF2434AFFF00A87EC2 /* NewsFeedModels.swift */,
				0C843ADD2434AFFF00A87EC2 /* NewsFeedWorker.swift */,
				0C843ADE2434AFFF00A87EC2 /* NewsFeedRouter.swift */,
			);
			path = NewsFeed;
			sourceTree = "<group>";
		};
		0C843AEC2434CD7200A87EC2 /* Cell */ = {
			isa = PBXGroup;
			children = (
				0C1E78E22438FD380086B2C9 /* NewsFeedLayoutCalculator.swift */,
				0CB6936C243A824F00589D72 /* NewsFeedCodeCell.swift */,
				0C843AED2434CD9800A87EC2 /* NewsFeedCell.swift */,
				0C843AEF2434CDCE00A87EC2 /* NewsFeedCell.xib */,
			);
			path = Cell;
			sourceTree = "<group>";
		};
		0CA61CE92448D92F00FB25B8 /* Title view */ = {
			isa = PBXGroup;
			children = (
				0CA61CEA2448D95300FB25B8 /* TitleView.swift */,
				0C2C28E32448DA1600977944 /* InsetableTextField.swift */,
			);
			path = "Title view";
			sourceTree = "<group>";
		};
		F075CD10221DBC2A001CA654 = {
			isa = PBXGroup;
			children = (
				F075CD1B221DBC2A001CA654 /* VKNewsFeed */,
				F075CD1A221DBC2A001CA654 /* Products */,
				F075CD2E221DD90A001CA654 /* Frameworks */,
			);
			sourceTree = "<group>";
		};
		F075CD1A221DBC2A001CA654 /* Products */ = {
			isa = PBXGroup;
			children = (
				F075CD19221DBC2A001CA654 /* VKNewsFeed.app */,
			);
			name = Products;
			sourceTree = "<group>";
		};
		F075CD1B221DBC2A001CA654 /* VKNewsFeed */ = {
			isa = PBXGroup;
			children = (
				F075CD1C221DBC2A001CA654 /* AppDelegate.swift */,
				F075CD9C22207670001CA654 /* Services */,
				F075CDA2222088A4001CA654 /* Auth */,
				0C843ADB2434AFD500A87EC2 /* NewsFeed */,
				F075CDA922218CA8001CA654 /* Helpers */,
				F075CD23221DBC2B001CA654 /* Assets.xcassets */,
				F075CD25221DBC2B001CA654 /* LaunchScreen.storyboard */,
				F075CD28221DBC2B001CA654 /* Info.plist */,
			);
			path = VKNewsFeed;
			sourceTree = "<group>";
		};
		F075CD2E221DD90A001CA654 /* Frameworks */ = {
			isa = PBXGroup;
			children = (
				F075CD2F221DD90A001CA654 /* VKSdkFramework.framework */,
			);
			name = Frameworks;
			sourceTree = "<group>";
		};
		F075CD9C22207670001CA654 /* Services */ = {
			isa = PBXGroup;
			children = (
				0C7285E624339A99003D12F6 /* Models */,
				0C49D43F243CBD3C000E23B2 /* AuthVK */,
				0C49D43E243CBD23000E23B2 /* Networking */,
				0C49D440243CBD46000E23B2 /* Constants + API */,
			);
			path = Services;
			sourceTree = "<group>";
		};
		F075CDA2222088A4001CA654 /* Auth */ = {
			isa = PBXGroup;
			children = (
				F075CD9D222086EC001CA654 /* AuthViewController.swift */,
				F075CD9F22208713001CA654 /* AuthViewController.storyboard */,
			);
			path = Auth;
			sourceTree = "<group>";
		};
		F075CDA922218CA8001CA654 /* Helpers */ = {
			isa = PBXGroup;
			children = (
				0C843AF12436064600A87EC2 /* WebImageView.swift */,
				F075CDA722218C8E001CA654 /* UIViewController + Storyboard.swift */,
				0CD94DF72439154F00293A00 /* String + Height.swift */,
			);
			path = Helpers;
			sourceTree = "<group>";
		};
/* End PBXGroup section */

/* Begin PBXNativeTarget section */
		F075CD18221DBC2A001CA654 /* VKNewsFeed */ = {
			isa = PBXNativeTarget;
			buildConfigurationList = F075CD2B221DBC2B001CA654 /* Build configuration list for PBXNativeTarget "VKNewsFeed" */;
			buildPhases = (
				F075CD15221DBC2A001CA654 /* Sources */,
				F075CD16221DBC2A001CA654 /* Frameworks */,
				F075CD17221DBC2A001CA654 /* Resources */,
				0C5A43FF243382F700FF9556 /* Embed Frameworks */,
				0C5A44002433849600FF9556 /* ShellScript */,
			);
			buildRules = (
			);
			dependencies = (
			);
			name = VKNewsFeed;
			productName = VKNewsFeed;
			productReference = F075CD19221DBC2A001CA654 /* VKNewsFeed.app */;
			productType = "com.apple.product-type.application";
		};
/* End PBXNativeTarget section */

/* Begin PBXProject section */
		F075CD11221DBC2A001CA654 /* Project object */ = {
			isa = PBXProject;
			attributes = {
				LastSwiftUpdateCheck = 1010;
				LastUpgradeCheck = 1010;
				ORGANIZATIONNAME = "Алексей Пархоменко";
				TargetAttributes = {
					F075CD18221DBC2A001CA654 = {
						CreatedOnToolsVersion = 10.1;
						LastSwiftMigration = 1020;
					};
				};
			};
			buildConfigurationList = F075CD14221DBC2A001CA654 /* Build configuration list for PBXProject "VKNewsFeed" */;
			compatibilityVersion = "Xcode 9.3";
			developmentRegion = en;
			hasScannedForEncodings = 0;
			knownRegions = (
				en,
				Base,
			);
			mainGroup = F075CD10221DBC2A001CA654;
			productRefGroup = F075CD1A221DBC2A001CA654 /* Products */;
			projectDirPath = "";
			projectRoot = "";
			targets = (
				F075CD18221DBC2A001CA654 /* VKNewsFeed */,
			);
		};
/* End PBXProject section */

/* Begin PBXResourcesBuildPhase section */
		F075CD17221DBC2A001CA654 /* Resources */ = {
			isa = PBXResourcesBuildPhase;
			buildActionMask = 2147483647;
			files = (
				0C843AEB2434C6D000A87EC2 /* NewsFeedViewController.storyboard in Resources */,
				F075CD27221DBC2B001CA654 /* LaunchScreen.storyboard in Resources */,
				0C843AF02434CDCE00A87EC2 /* NewsFeedCell.xib in Resources */,
				F075CDA022208713001CA654 /* AuthViewController.storyboard in Resources */,
				F075CD24221DBC2B001CA654 /* Assets.xcassets in Resources */,
			);
			runOnlyForDeploymentPostprocessing = 0;
		};
/* End PBXResourcesBuildPhase section */

/* Begin PBXShellScriptBuildPhase section */
		0C5A44002433849600FF9556 /* ShellScript */ = {
			isa = PBXShellScriptBuildPhase;
			buildActionMask = 2147483647;
			files = (
			);
			inputFileListPaths = (
			);
			inputPaths = (
				"$(SRCROOT)/Carthage/Build/iOS/VKSdkFramework.framework",
			);
			outputFileListPaths = (
			);
			outputPaths = (
			);
			runOnlyForDeploymentPostprocessing = 0;
			shellPath = /bin/sh;
			shellScript = "/usr/local/bin/carthage copy-frameworks\n";
		};
/* End PBXShellScriptBuildPhase section */

/* Begin PBXSourcesBuildPhase section */
		F075CD15221DBC2A001CA654 /* Sources */ = {
			isa = PBXSourcesBuildPhase;
			buildActionMask = 2147483647;
			files = (
				0C0803BB2441321900071D47 /* GalleryCollectionView.swift in Sources */,
				0C2C28E62448EE1A00977944 /* UserResponse.swift in Sources */,
				0C7285E824339AB0003D12F6 /* FeedResponse.swift in Sources */,
				0CA15CA6244792860014CF9E /* RowLayout.swift in Sources */,
				0CD94DF82439154F00293A00 /* String + Height.swift in Sources */,
				0CB6936D243A824F00589D72 /* NewsFeedCodeCell.swift in Sources */,
				0C2C28E42448DA1600977944 /* InsetableTextField.swift in Sources */,
				0C843AE32434AFFF00A87EC2 /* NewsFeedPresenter.swift in Sources */,
				F075CD9B22207644001CA654 /* AuthService.swift in Sources */,
				F075CDA822218C8E001CA654 /* UIViewController + Storyboard.swift in Sources */,
				0C843AE82434AFFF00A87EC2 /* NewsFeedInteractor.swift in Sources */,
				F075CD9E222086EC001CA654 /* AuthViewController.swift in Sources */,
				0C5A44022433881100FF9556 /* NetworkService.swift in Sources */,
				0C7285EA24339E22003D12F6 /* NetworkDataFetcher.swift in Sources */,
				0C843AE42434AFFF00A87EC2 /* NewsFeedWorker.swift in Sources */,
				0C1E78E32438FD380086B2C9 /* NewsFeedLayoutCalculator.swift in Sources */,
				0C843AF22436064600A87EC2 /* WebImageView.swift in Sources */,
				0C843AE52434AFFF00A87EC2 /* NewsFeedRouter.swift in Sources */,
				F075CD1D221DBC2A001CA654 /* AppDelegate.swift in Sources */,
				0CC9B82C243B65E300BE4CA7 /* Constants.swift in Sources */,
				0C5A44042433889C00FF9556 /* API.swift in Sources */,
				0C843AE62434AFFF00A87EC2 /* NewsFeedModels.swift in Sources */,
				0C7594E6244132F3005A556F /* GalleryCollectionViewCell.swift in Sources */,
				0C843AEE2434CD9800A87EC2 /* NewsFeedCell.swift in Sources */,
				0C843AE72434AFFF00A87EC2 /* NewsFeedViewController.swift in Sources */,
				0CA61CEB2448D95300FB25B8 /* TitleView.swift in Sources */,
			);
			runOnlyForDeploymentPostprocessing = 0;
		};
/* End PBXSourcesBuildPhase section */

/* Begin PBXVariantGroup section */
		F075CD25221DBC2B001CA654 /* LaunchScreen.storyboard */ = {
			isa = PBXVariantGroup;
			children = (
				F075CD26221DBC2B001CA654 /* Base */,
			);
			name = LaunchScreen.storyboard;
			sourceTree = "<group>";
		};
/* End PBXVariantGroup section */

/* Begin XCBuildConfiguration section */
		F075CD29221DBC2B001CA654 /* Debug */ = {
			isa = XCBuildConfiguration;
			buildSettings = {
				ALWAYS_SEARCH_USER_PATHS = NO;
				CLANG_ANALYZER_NONNULL = YES;
				CLANG_ANALYZER_NUMBER_OBJECT_CONVERSION = YES_AGGRESSIVE;
				CLANG_CXX_LANGUAGE_STANDARD = "gnu++14";
				CLANG_CXX_LIBRARY = "libc++";
				CLANG_ENABLE_MODULES = YES;
				CLANG_ENABLE_OBJC_ARC = YES;
				CLANG_ENABLE_OBJC_WEAK = YES;
				CLANG_WARN_BLOCK_CAPTURE_AUTORELEASING = YES;
				CLANG_WARN_BOOL_CONVERSION = YES;
				CLANG_WARN_COMMA = YES;
				CLANG_WARN_CONSTANT_CONVERSION = YES;
				CLANG_WARN_DEPRECATED_OBJC_IMPLEMENTATIONS = YES;
				CLANG_WARN_DIRECT_OBJC_ISA_USAGE = YES_ERROR;
				CLANG_WARN_DOCUMENTATION_COMMENTS = YES;
				CLANG_WARN_EMPTY_BODY = YES;
				CLANG_WARN_ENUM_CONVERSION = YES;
				CLANG_WARN_INFINITE_RECURSION = YES;
				CLANG_WARN_INT_CONVERSION = YES;
				CLANG_WARN_NON_LITERAL_NULL_CONVERSION = YES;
				CLANG_WARN_OBJC_IMPLICIT_RETAIN_SELF = YES;
				CLANG_WARN_OBJC_LITERAL_CONVERSION = YES;
				CLANG_WARN_OBJC_ROOT_CLASS = YES_ERROR;
				CLANG_WARN_RANGE_LOOP_ANALYSIS = YES;
				CLANG_WARN_STRICT_PROTOTYPES = YES;
				CLANG_WARN_SUSPICIOUS_MOVE = YES;
				CLANG_WARN_UNGUARDED_AVAILABILITY = YES_AGGRESSIVE;
				CLANG_WARN_UNREACHABLE_CODE = YES;
				CLANG_WARN__DUPLICATE_METHOD_MATCH = YES;
				CODE_SIGN_IDENTITY = "iPhone Developer";
				COPY_PHASE_STRIP = NO;
				DEBUG_INFORMATION_FORMAT = dwarf;
				ENABLE_STRICT_OBJC_MSGSEND = YES;
				ENABLE_TESTABILITY = YES;
				GCC_C_LANGUAGE_STANDARD = gnu11;
				GCC_DYNAMIC_NO_PIC = NO;
				GCC_NO_COMMON_BLOCKS = YES;
				GCC_OPTIMIZATION_LEVEL = 0;
				GCC_PREPROCESSOR_DEFINITIONS = (
					"DEBUG=1",
					"$(inherited)",
				);
				GCC_WARN_64_TO_32_BIT_CONVERSION = YES;
				GCC_WARN_ABOUT_RETURN_TYPE = YES_ERROR;
				GCC_WARN_UNDECLARED_SELECTOR = YES;
				GCC_WARN_UNINITIALIZED_AUTOS = YES_AGGRESSIVE;
				GCC_WARN_UNUSED_FUNCTION = YES;
				GCC_WARN_UNUSED_VARIABLE = YES;
				IPHONEOS_DEPLOYMENT_TARGET = 12.1;
				MTL_ENABLE_DEBUG_INFO = INCLUDE_SOURCE;
				MTL_FAST_MATH = YES;
				ONLY_ACTIVE_ARCH = YES;
				SDKROOT = iphoneos;
				SWIFT_ACTIVE_COMPILATION_CONDITIONS = DEBUG;
				SWIFT_OPTIMIZATION_LEVEL = "-Onone";
			};
			name = Debug;
		};
		F075CD2A221DBC2B001CA654 /* Release */ = {
			isa = XCBuildConfiguration;
			buildSettings = {
				ALWAYS_SEARCH_USER_PATHS = NO;
				CLANG_ANALYZER_NONNULL = YES;
				CLANG_ANALYZER_NUMBER_OBJECT_CONVERSION = YES_AGGRESSIVE;
				CLANG_CXX_LANGUAGE_STANDARD = "gnu++14";
				CLANG_CXX_LIBRARY = "libc++";
				CLANG_ENABLE_MODULES = YES;
				CLANG_ENABLE_OBJC_ARC = YES;
				CLANG_ENABLE_OBJC_WEAK = YES;
				CLANG_WARN_BLOCK_CAPTURE_AUTORELEASING = YES;
				CLANG_WARN_BOOL_CONVERSION = YES;
				CLANG_WARN_COMMA = YES;
				CLANG_WARN_CONSTANT_CONVERSION = YES;
				CLANG_WARN_DEPRECATED_OBJC_IMPLEMENTATIONS = YES;
				CLANG_WARN_DIRECT_OBJC_ISA_USAGE = YES_ERROR;
				CLANG_WARN_DOCUMENTATION_COMMENTS = YES;
				CLANG_WARN_EMPTY_BODY = YES;
				CLANG_WARN_ENUM_CONVERSION = YES;
				CLANG_WARN_INFINITE_RECURSION = YES;
				CLANG_WARN_INT_CONVERSION = YES;
				CLANG_WARN_NON_LITERAL_NULL_CONVERSION = YES;
				CLANG_WARN_OBJC_IMPLICIT_RETAIN_SELF = YES;
				CLANG_WARN_OBJC_LITERAL_CONVERSION = YES;
				CLANG_WARN_OBJC_ROOT_CLASS = YES_ERROR;
				CLANG_WARN_RANGE_LOOP_ANALYSIS = YES;
				CLANG_WARN_STRICT_PROTOTYPES = YES;
				CLANG_WARN_SUSPICIOUS_MOVE = YES;
				CLANG_WARN_UNGUARDED_AVAILABILITY = YES_AGGRESSIVE;
				CLANG_WARN_UNREACHABLE_CODE = YES;
				CLANG_WARN__DUPLICATE_METHOD_MATCH = YES;
				CODE_SIGN_IDENTITY = "iPhone Developer";
				COPY_PHASE_STRIP = NO;
				DEBUG_INFORMATION_FORMAT = "dwarf-with-dsym";
				ENABLE_NS_ASSERTIONS = NO;
				ENABLE_STRICT_OBJC_MSGSEND = YES;
				GCC_C_LANGUAGE_STANDARD = gnu11;
				GCC_NO_COMMON_BLOCKS = YES;
				GCC_WARN_64_TO_32_BIT_CONVERSION = YES;
				GCC_WARN_ABOUT_RETURN_TYPE = YES_ERROR;
				GCC_WARN_UNDECLARED_SELECTOR = YES;
				GCC_WARN_UNINITIALIZED_AUTOS = YES_AGGRESSIVE;
				GCC_WARN_UNUSED_FUNCTION = YES;
				GCC_WARN_UNUSED_VARIABLE = YES;
				IPHONEOS_DEPLOYMENT_TARGET = 12.1;
				MTL_ENABLE_DEBUG_INFO = NO;
				MTL_FAST_MATH = YES;
				SDKROOT = iphoneos;
				SWIFT_COMPILATION_MODE = wholemodule;
				SWIFT_OPTIMIZATION_LEVEL = "-O";
				VALIDATE_PRODUCT = YES;
			};
			name = Release;
		};
		F075CD2C221DBC2B001CA654 /* Debug */ = {
			isa = XCBuildConfiguration;
			buildSettings = {
				ASSETCATALOG_COMPILER_APPICON_NAME = AppIcon;
				CODE_SIGN_STYLE = Automatic;
				DEVELOPMENT_TEAM = TSZQ4D456H;
				FRAMEWORK_SEARCH_PATHS = (
					"$(inherited)",
					"$(PROJECT_DIR)/Carthage/Build/iOS",
				);
				INFOPLIST_FILE = VKNewsFeed/Info.plist;
				LD_RUNPATH_SEARCH_PATHS = (
					"$(inherited)",
					"@executable_path/Frameworks",
				);
				PRODUCT_BUNDLE_IDENTIFIER = com.alexeyParkhomenko.VKNewsFeed;
				PRODUCT_NAME = "$(TARGET_NAME)";
				SWIFT_VERSION = 5.0;
				TARGETED_DEVICE_FAMILY = "1,2";
			};
			name = Debug;
		};
		F075CD2D221DBC2B001CA654 /* Release */ = {
			isa = XCBuildConfiguration;
			buildSettings = {
				ASSETCATALOG_COMPILER_APPICON_NAME = AppIcon;
				CODE_SIGN_STYLE = Automatic;
				DEVELOPMENT_TEAM = TSZQ4D456H;
				FRAMEWORK_SEARCH_PATHS = (
					"$(inherited)",
					"$(PROJECT_DIR)/Carthage/Build/iOS",
				);
				INFOPLIST_FILE = VKNewsFeed/Info.plist;
				LD_RUNPATH_SEARCH_PATHS = (
					"$(inherited)",
					"@executable_path/Frameworks",
				);
				PRODUCT_BUNDLE_IDENTIFIER = com.alexeyParkhomenko.VKNewsFeed;
				PRODUCT_NAME = "$(TARGET_NAME)";
				SWIFT_VERSION = 5.0;
				TARGETED_DEVICE_FAMILY = "1,2";
			};
			name = Release;
		};
/* End XCBuildConfiguration section */

/* Begin XCConfigurationList section */
		F075CD14221DBC2A001CA654 /* Build configuration list for PBXProject "VKNewsFeed" */ = {
			isa = XCConfigurationList;
			buildConfigurations = (
				F075CD29221DBC2B001CA654 /* Debug */,
				F075CD2A221DBC2B001CA654 /* Release */,
			);
			defaultConfigurationIsVisible = 0;
			defaultConfigurationName = Release;
		};
		F075CD2B221DBC2B001CA654 /* Build configuration list for PBXNativeTarget "VKNewsFeed" */ = {
			isa = XCConfigurationList;
			buildConfigurations = (
				F075CD2C221DBC2B001CA654 /* Debug */,
				F075CD2D221DBC2B001CA654 /* Release */,
			);
			defaultConfigurationIsVisible = 0;
			defaultConfigurationName = Release;
		};
/* End XCConfigurationList section */
	};
	rootObject = F075CD11221DBC2A001CA654 /* Project object */;
}
